
Microsoft Visual Studio Solution File, Format Version 12.00
# Visual Studio Version 17
VisualStudioVersion = 17.6.33723.286
MinimumVisualStudioVersion = 10.0.40219.1
Project("{FAE04EC0-301F-11D3-BF4B-00C04F79EFBC}") = "ExaminationSystem", "ExaminationSystem\ExaminationSystem.csproj", "{F0B3A2EC-B63D-4567-B321-59BA1DEACF27}"
EndProject
Project("{FAE04EC0-301F-11D3-BF4B-00C04F79EFBC}") = "EntityLayer", "EntityLayer\EntityLayer.csproj", "{DEB096AA-62B1-466E-B00C-2D874F6DD417}"
EndProject
Project("{FAE04EC0-301F-11D3-BF4B-00C04F79EFBC}") = "BusinessLayer", "BusinessLayer\BusinessLayer.csproj", "{8D8210C0-1044-441D-8984-45F19D1F526F}"
EndProject
Project("{FAE04EC0-301F-11D3-BF4B-00C04F79EFBC}") = "DataAccessLayer", "DataAccessLayer\DataAccessLayer.csproj", "{00415D48-2207-417A-B8AE-156657987740}"
EndProject
Global
	GlobalSection(SolutionConfigurationPlatforms) = preSolution
		Debug|Any CPU = Debug|Any CPU
		Release|Any CPU = Release|Any CPU
	EndGlobalSection
	GlobalSection(ProjectConfigurationPlatforms) = postSolution
		{F0B3A2EC-B63D-4567-B321-59BA1DEACF27}.Debug|Any CPU.ActiveCfg = Debug|Any CPU
		{F0B3A2EC-B63D-4567-B321-59BA1DEACF27}.Debug|Any CPU.Build.0 = Debug|Any CPU
		{F0B3A2EC-B63D-4567-B321-59BA1DEACF27}.Release|Any CPU.ActiveCfg = Release|Any CPU
		{F0B3A2EC-B63D-4567-B321-59BA1DEACF27}.Release|Any CPU.Build.0 = Release|Any CPU
		{DEB096AA-62B1-466E-B00C-2D874F6DD417}.Debug|Any CPU.ActiveCfg = Debug|Any CPU
		{DEB096AA-62B1-466E-B00C-2D874F6DD417}.Debug|Any CPU.Build.0 = Debug|Any CPU
		{DEB096AA-62B1-466E-B00C-2D874F6DD417}.Release|Any CPU.ActiveCfg = Release|Any CPU
		{DEB096AA-62B1-466E-B00C-2D874F6DD417}.Release|Any CPU.Build.0 = Release|Any CPU
		{8D8210C0-1044-441D-8984-45F19D1F526F}.Debug|Any CPU.ActiveCfg = Debug|Any CPU
		{8D8210C0-1044-441D-8984-45F19D1F526F}.Debug|Any CPU.Build.0 = Debug|Any CPU
		{8D8210C0-1044-441D-8984-45F19D1F526F}.Release|Any CPU.ActiveCfg = Release|Any CPU
		{8D8210C0-1044-441D-8984-45F19D1F526F}.Release|Any CPU.Build.0 = Release|Any CPU
		{00415D48-2207-417A-B8AE-156657987740}.Debug|Any CPU.ActiveCfg = Debug|Any CPU
		{00415D48-2207-417A-B8AE-156657987740}.Debug|Any CPU.Build.0 = Debug|Any CPU
		{00415D48-2207-417A-B8AE-156657987740}.Release|Any CPU.ActiveCfg = Release|Any CPU
		{00415D48-2207-417A-B8AE-156657987740}.Release|Any CPU.Build.0 = Release|Any CPU
	EndGlobalSection
	GlobalSection(SolutionProperties) = preSolution
		HideSolutionNode = FALSE
	EndGlobalSection
	GlobalSection(ExtensibilityGlobals) = postSolution
		SolutionGuid = {0CF4F434-5E7E-45F2-9B50-5462D7484868}
	EndGlobalSection
EndGlobal
